// !$*UTF8*$!
{
	archiveVersion = 1;
	classes = {
	};
	objectVersion = 52;
	objects = {

/* Begin PBXBuildFile section */
		1956EDCE24A84AC100D450B0 /* AppManager.swift in Sources */ = {isa = PBXBuildFile; fileRef = 1956EDCD24A84AC100D450B0 /* AppManager.swift */; };
		1956EDD124A84BCD00D450B0 /* AppDelegate+Function.swift in Sources */ = {isa = PBXBuildFile; fileRef = 1956EDD024A84BCD00D450B0 /* AppDelegate+Function.swift */; };
		1956EDD424A84EF300D450B0 /* BaseNavigationController.swift in Sources */ = {isa = PBXBuildFile; fileRef = 1956EDD324A84EF300D450B0 /* BaseNavigationController.swift */; };
		1956EDD724A84FB800D450B0 /* BaseNavigationBar.swift in Sources */ = {isa = PBXBuildFile; fileRef = 1956EDD624A84FB800D450B0 /* BaseNavigationBar.swift */; };
		1956EDDA24A852BE00D450B0 /* Search.storyboard in Resources */ = {isa = PBXBuildFile; fileRef = 1956EDD924A852BE00D450B0 /* Search.storyboard */; };
		1956EDE324A854CC00D450B0 /* SearchMainPresenter.swift in Sources */ = {isa = PBXBuildFile; fileRef = 1956EDDD24A854CC00D450B0 /* SearchMainPresenter.swift */; };
		1956EDE424A854CC00D450B0 /* SearchMainWorker.swift in Sources */ = {isa = PBXBuildFile; fileRef = 1956EDDE24A854CC00D450B0 /* SearchMainWorker.swift */; };
		1956EDE524A854CC00D450B0 /* SearchMainRouter.swift in Sources */ = {isa = PBXBuildFile; fileRef = 1956EDDF24A854CC00D450B0 /* SearchMainRouter.swift */; };
		1956EDE624A854CC00D450B0 /* SearchMainModels.swift in Sources */ = {isa = PBXBuildFile; fileRef = 1956EDE024A854CC00D450B0 /* SearchMainModels.swift */; };
		1956EDE724A854CC00D450B0 /* SearchMainViewController.swift in Sources */ = {isa = PBXBuildFile; fileRef = 1956EDE124A854CC00D450B0 /* SearchMainViewController.swift */; };
		1956EDE824A854CC00D450B0 /* SearchMainInteractor.swift in Sources */ = {isa = PBXBuildFile; fileRef = 1956EDE224A854CC00D450B0 /* SearchMainInteractor.swift */; };
		1956EDEA24A857A200D450B0 /* SceneDelegate+Function.swift in Sources */ = {isa = PBXBuildFile; fileRef = 1956EDE924A857A200D450B0 /* SceneDelegate+Function.swift */; };
		1956EDEF24A8898700D450B0 /* RecentWordTableViewCell.swift in Sources */ = {isa = PBXBuildFile; fileRef = 1956EDED24A8898700D450B0 /* RecentWordTableViewCell.swift */; };
		1956EDF024A8898700D450B0 /* RecentWordTableViewCell.xib in Resources */ = {isa = PBXBuildFile; fileRef = 1956EDEE24A8898700D450B0 /* RecentWordTableViewCell.xib */; };
		1956EDF424A8E97400D450B0 /* ResultTableViewController.swift in Sources */ = {isa = PBXBuildFile; fileRef = 1956EDF224A8E97400D450B0 /* ResultTableViewController.swift */; };
		1956EDF524A8E97400D450B0 /* ResultTableViewController.xib in Resources */ = {isa = PBXBuildFile; fileRef = 1956EDF324A8E97400D450B0 /* ResultTableViewController.xib */; };
		1956EDF824A8F12E00D450B0 /* FilterWordTableViewCell.swift in Sources */ = {isa = PBXBuildFile; fileRef = 1956EDF624A8F12E00D450B0 /* FilterWordTableViewCell.swift */; };
		1956EDF924A8F12E00D450B0 /* FilterWordTableViewCell.xib in Resources */ = {isa = PBXBuildFile; fileRef = 1956EDF724A8F12E00D450B0 /* FilterWordTableViewCell.xib */; };
		1956EDFB24A8FA9B00D450B0 /* NetworkManager.swift in Sources */ = {isa = PBXBuildFile; fileRef = 1956EDFA24A8FA9B00D450B0 /* NetworkManager.swift */; };
		1956EDFE24A9004E00D450B0 /* SearchResultListModel.swift in Sources */ = {isa = PBXBuildFile; fileRef = 1956EDFD24A9004E00D450B0 /* SearchResultListModel.swift */; };
		1956EE0024A9009400D450B0 /* SearchResultModel.swift in Sources */ = {isa = PBXBuildFile; fileRef = 1956EDFF24A9009400D450B0 /* SearchResultModel.swift */; };
		1956EE0324A9099400D450B0 /* SearchResultTableViewCell.swift in Sources */ = {isa = PBXBuildFile; fileRef = 1956EE0124A9099400D450B0 /* SearchResultTableViewCell.swift */; };
		1970004B24A73A1A00D11916 /* AppDelegate.swift in Sources */ = {isa = PBXBuildFile; fileRef = 1970004A24A73A1A00D11916 /* AppDelegate.swift */; };
		1970004D24A73A1A00D11916 /* SceneDelegate.swift in Sources */ = {isa = PBXBuildFile; fileRef = 1970004C24A73A1A00D11916 /* SceneDelegate.swift */; };
		1970004F24A73A1A00D11916 /* ViewController.swift in Sources */ = {isa = PBXBuildFile; fileRef = 1970004E24A73A1A00D11916 /* ViewController.swift */; };
		1970005224A73A1A00D11916 /* Main.storyboard in Resources */ = {isa = PBXBuildFile; fileRef = 1970005024A73A1A00D11916 /* Main.storyboard */; };
		1970005424A73A1C00D11916 /* Assets.xcassets in Resources */ = {isa = PBXBuildFile; fileRef = 1970005324A73A1C00D11916 /* Assets.xcassets */; };
		1970005724A73A1C00D11916 /* LaunchScreen.storyboard in Resources */ = {isa = PBXBuildFile; fileRef = 1970005524A73A1C00D11916 /* LaunchScreen.storyboard */; };
		1970006524A8463600D11916 /* Label.swift in Sources */ = {isa = PBXBuildFile; fileRef = 1970006024A8463600D11916 /* Label.swift */; };
		1970006624A8463600D11916 /* TextStyle.swift in Sources */ = {isa = PBXBuildFile; fileRef = 1970006224A8463600D11916 /* TextStyle.swift */; };
		1970006724A8463600D11916 /* TextColorStyle.swift in Sources */ = {isa = PBXBuildFile; fileRef = 1970006324A8463600D11916 /* TextColorStyle.swift */; };
		1970006824A8463600D11916 /* Fonts.swift in Sources */ = {isa = PBXBuildFile; fileRef = 1970006424A8463600D11916 /* Fonts.swift */; };
		1970007C24A8472800D11916 /* Units.swift in Sources */ = {isa = PBXBuildFile; fileRef = 1970006B24A8472800D11916 /* Units.swift */; };
		1970007D24A8472900D11916 /* Int+.swift in Sources */ = {isa = PBXBuildFile; fileRef = 1970006D24A8472800D11916 /* Int+.swift */; };
		1970007E24A8472900D11916 /* UIFont+.swift in Sources */ = {isa = PBXBuildFile; fileRef = 1970006E24A8472800D11916 /* UIFont+.swift */; };
		1970007F24A8472900D11916 /* UIView+.swift in Sources */ = {isa = PBXBuildFile; fileRef = 1970006F24A8472800D11916 /* UIView+.swift */; };
		1970008024A8472900D11916 /* String+.swift in Sources */ = {isa = PBXBuildFile; fileRef = 1970007024A8472800D11916 /* String+.swift */; };
		1970008124A8472900D11916 /* UILabel+.swift in Sources */ = {isa = PBXBuildFile; fileRef = 1970007124A8472800D11916 /* UILabel+.swift */; };
		1970008224A8472900D11916 /* UITableView+.swift in Sources */ = {isa = PBXBuildFile; fileRef = 1970007224A8472800D11916 /* UITableView+.swift */; };
		1970008324A8472900D11916 /* UIColor+.swift in Sources */ = {isa = PBXBuildFile; fileRef = 1970007324A8472800D11916 /* UIColor+.swift */; };
		1970008424A8472900D11916 /* UIScreen+.swift in Sources */ = {isa = PBXBuildFile; fileRef = 1970007424A8472800D11916 /* UIScreen+.swift */; };
		1970008524A8472900D11916 /* ModelParser.swift in Sources */ = {isa = PBXBuildFile; fileRef = 1970007624A8472800D11916 /* ModelParser.swift */; };
		1970008624A8472900D11916 /* Log.swift in Sources */ = {isa = PBXBuildFile; fileRef = 1970007824A8472800D11916 /* Log.swift */; };
		1970008724A8472900D11916 /* BaseViewController.swift in Sources */ = {isa = PBXBuildFile; fileRef = 1970007A24A8472800D11916 /* BaseViewController.swift */; };
		1970008824A8472900D11916 /* RootViewController.swift in Sources */ = {isa = PBXBuildFile; fileRef = 1970007B24A8472800D11916 /* RootViewController.swift */; };
		1970008A24A847C700D11916 /* UIViewController+.swift in Sources */ = {isa = PBXBuildFile; fileRef = 1970008924A847C700D11916 /* UIViewController+.swift */; };
		1970008D24A8493900D11916 /* RxRelay in Frameworks */ = {isa = PBXBuildFile; productRef = 1970008C24A8493900D11916 /* RxRelay */; };
		1970008F24A8493900D11916 /* RxSwift in Frameworks */ = {isa = PBXBuildFile; productRef = 1970008E24A8493900D11916 /* RxSwift */; };
		1970009124A8493900D11916 /* RxCocoa in Frameworks */ = {isa = PBXBuildFile; productRef = 1970009024A8493900D11916 /* RxCocoa */; };
		1970009424A8496800D11916 /* Logging in Frameworks */ = {isa = PBXBuildFile; productRef = 1970009324A8496800D11916 /* Logging */; };
		1970009724A8497900D11916 /* LoggingOSLog in Frameworks */ = {isa = PBXBuildFile; productRef = 1970009624A8497900D11916 /* LoggingOSLog */; };
		19AD413524A9116200B771AE /* Cosmos in Frameworks */ = {isa = PBXBuildFile; productRef = 19AD413424A9116200B771AE /* Cosmos */; };
		19BFE65A24A920C2004B3FA8 /* SnapKit in Frameworks */ = {isa = PBXBuildFile; productRef = 19BFE65924A920C2004B3FA8 /* SnapKit */; };
		19BFE65E24A924B4004B3FA8 /* UIImageView+.swift in Sources */ = {isa = PBXBuildFile; fileRef = 19BFE65D24A924B4004B3FA8 /* UIImageView+.swift */; };
		19D9154724A9BFB800DF4949 /* SearchDetailPresenter.swift in Sources */ = {isa = PBXBuildFile; fileRef = 19D9154124A9BFB800DF4949 /* SearchDetailPresenter.swift */; };
		19D9154824A9BFB800DF4949 /* SearchDetailWorker.swift in Sources */ = {isa = PBXBuildFile; fileRef = 19D9154224A9BFB800DF4949 /* SearchDetailWorker.swift */; };
		19D9154924A9BFB800DF4949 /* SearchDetailRouter.swift in Sources */ = {isa = PBXBuildFile; fileRef = 19D9154324A9BFB800DF4949 /* SearchDetailRouter.swift */; };
		19D9154A24A9BFB800DF4949 /* SearchDetailModels.swift in Sources */ = {isa = PBXBuildFile; fileRef = 19D9154424A9BFB800DF4949 /* SearchDetailModels.swift */; };
		19D9154B24A9BFB800DF4949 /* SearchDetailViewController.swift in Sources */ = {isa = PBXBuildFile; fileRef = 19D9154524A9BFB800DF4949 /* SearchDetailViewController.swift */; };
		19D9154C24A9BFB800DF4949 /* SearchDetailInteractor.swift in Sources */ = {isa = PBXBuildFile; fileRef = 19D9154624A9BFB800DF4949 /* SearchDetailInteractor.swift */; };
		19D9155124A9F2B100DF4949 /* BasicInfoTableViewCell.swift in Sources */ = {isa = PBXBuildFile; fileRef = 19D9154F24A9F2B100DF4949 /* BasicInfoTableViewCell.swift */; };
		19D9155424AA079D00DF4949 /* RatingInfoTableViewCell.swift in Sources */ = {isa = PBXBuildFile; fileRef = 19D9155324AA079D00DF4949 /* RatingInfoTableViewCell.swift */; };
		19D9155624AA10E200DF4949 /* NewInfoTableViewCell.swift in Sources */ = {isa = PBXBuildFile; fileRef = 19D9155524AA10E200DF4949 /* NewInfoTableViewCell.swift */; };
		19D9155824AA1F3100DF4949 /* ScreenImageTableViewCell.swift in Sources */ = {isa = PBXBuildFile; fileRef = 19D9155724AA1F3100DF4949 /* ScreenImageTableViewCell.swift */; };
		19D9155A24AA22C000DF4949 /* DescriptionTableViewCell.swift in Sources */ = {isa = PBXBuildFile; fileRef = 19D9155924AA22C000DF4949 /* DescriptionTableViewCell.swift */; };
		19D9155C24AA250800DF4949 /* CompanyInfoTableViewCell.swift in Sources */ = {isa = PBXBuildFile; fileRef = 19D9155B24AA250800DF4949 /* CompanyInfoTableViewCell.swift */; };
		19D9155E24AA30EF00DF4949 /* InfoTableViewCell.swift in Sources */ = {isa = PBXBuildFile; fileRef = 19D9155D24AA30EF00DF4949 /* InfoTableViewCell.swift */; };
		19D9156024AA333F00DF4949 /* SearchDetailSimpleCell.swift in Sources */ = {isa = PBXBuildFile; fileRef = 19D9155F24AA333F00DF4949 /* SearchDetailSimpleCell.swift */; };
/* End PBXBuildFile section */

/* Begin PBXFileReference section */
		1956EDCD24A84AC100D450B0 /* AppManager.swift */ = {isa = PBXFileReference; lastKnownFileType = sourcecode.swift; path = AppManager.swift; sourceTree = "<group>"; };
		1956EDD024A84BCD00D450B0 /* AppDelegate+Function.swift */ = {isa = PBXFileReference; lastKnownFileType = sourcecode.swift; path = "AppDelegate+Function.swift"; sourceTree = "<group>"; };
		1956EDD324A84EF300D450B0 /* BaseNavigationController.swift */ = {isa = PBXFileReference; lastKnownFileType = sourcecode.swift; path = BaseNavigationController.swift; sourceTree = "<group>"; };
		1956EDD624A84FB800D450B0 /* BaseNavigationBar.swift */ = {isa = PBXFileReference; lastKnownFileType = sourcecode.swift; path = BaseNavigationBar.swift; sourceTree = "<group>"; };
		1956EDD924A852BE00D450B0 /* Search.storyboard */ = {isa = PBXFileReference; lastKnownFileType = file.storyboard; path = Search.storyboard; sourceTree = "<group>"; };
		1956EDDD24A854CC00D450B0 /* SearchMainPresenter.swift */ = {isa = PBXFileReference; lastKnownFileType = sourcecode.swift; path = SearchMainPresenter.swift; sourceTree = "<group>"; };
		1956EDDE24A854CC00D450B0 /* SearchMainWorker.swift */ = {isa = PBXFileReference; lastKnownFileType = sourcecode.swift; path = SearchMainWorker.swift; sourceTree = "<group>"; };
		1956EDDF24A854CC00D450B0 /* SearchMainRouter.swift */ = {isa = PBXFileReference; lastKnownFileType = sourcecode.swift; path = SearchMainRouter.swift; sourceTree = "<group>"; };
		1956EDE024A854CC00D450B0 /* SearchMainModels.swift */ = {isa = PBXFileReference; lastKnownFileType = sourcecode.swift; path = SearchMainModels.swift; sourceTree = "<group>"; };
		1956EDE124A854CC00D450B0 /* SearchMainViewController.swift */ = {isa = PBXFileReference; lastKnownFileType = sourcecode.swift; path = SearchMainViewController.swift; sourceTree = "<group>"; };
		1956EDE224A854CC00D450B0 /* SearchMainInteractor.swift */ = {isa = PBXFileReference; lastKnownFileType = sourcecode.swift; path = SearchMainInteractor.swift; sourceTree = "<group>"; };
		1956EDE924A857A200D450B0 /* SceneDelegate+Function.swift */ = {isa = PBXFileReference; lastKnownFileType = sourcecode.swift; path = "SceneDelegate+Function.swift"; sourceTree = "<group>"; };
		1956EDED24A8898700D450B0 /* RecentWordTableViewCell.swift */ = {isa = PBXFileReference; lastKnownFileType = sourcecode.swift; path = RecentWordTableViewCell.swift; sourceTree = "<group>"; };
		1956EDEE24A8898700D450B0 /* RecentWordTableViewCell.xib */ = {isa = PBXFileReference; lastKnownFileType = file.xib; path = RecentWordTableViewCell.xib; sourceTree = "<group>"; };
		1956EDF224A8E97400D450B0 /* ResultTableViewController.swift */ = {isa = PBXFileReference; lastKnownFileType = sourcecode.swift; path = ResultTableViewController.swift; sourceTree = "<group>"; };
		1956EDF324A8E97400D450B0 /* ResultTableViewController.xib */ = {isa = PBXFileReference; lastKnownFileType = file.xib; path = ResultTableViewController.xib; sourceTree = "<group>"; };
		1956EDF624A8F12E00D450B0 /* FilterWordTableViewCell.swift */ = {isa = PBXFileReference; lastKnownFileType = sourcecode.swift; path = FilterWordTableViewCell.swift; sourceTree = "<group>"; };
		1956EDF724A8F12E00D450B0 /* FilterWordTableViewCell.xib */ = {isa = PBXFileReference; lastKnownFileType = file.xib; path = FilterWordTableViewCell.xib; sourceTree = "<group>"; };
		1956EDFA24A8FA9B00D450B0 /* NetworkManager.swift */ = {isa = PBXFileReference; lastKnownFileType = sourcecode.swift; path = NetworkManager.swift; sourceTree = "<group>"; };
		1956EDFD24A9004E00D450B0 /* SearchResultListModel.swift */ = {isa = PBXFileReference; lastKnownFileType = sourcecode.swift; path = SearchResultListModel.swift; sourceTree = "<group>"; };
		1956EDFF24A9009400D450B0 /* SearchResultModel.swift */ = {isa = PBXFileReference; lastKnownFileType = sourcecode.swift; path = SearchResultModel.swift; sourceTree = "<group>"; };
		1956EE0124A9099400D450B0 /* SearchResultTableViewCell.swift */ = {isa = PBXFileReference; lastKnownFileType = sourcecode.swift; path = SearchResultTableViewCell.swift; sourceTree = "<group>"; };
		1970004724A73A1A00D11916 /* KakaoBank.app */ = {isa = PBXFileReference; explicitFileType = wrapper.application; includeInIndex = 0; path = KakaoBank.app; sourceTree = BUILT_PRODUCTS_DIR; };
		1970004A24A73A1A00D11916 /* AppDelegate.swift */ = {isa = PBXFileReference; lastKnownFileType = sourcecode.swift; path = AppDelegate.swift; sourceTree = "<group>"; };
		1970004C24A73A1A00D11916 /* SceneDelegate.swift */ = {isa = PBXFileReference; lastKnownFileType = sourcecode.swift; path = SceneDelegate.swift; sourceTree = "<group>"; };
		1970004E24A73A1A00D11916 /* ViewController.swift */ = {isa = PBXFileReference; lastKnownFileType = sourcecode.swift; path = ViewController.swift; sourceTree = "<group>"; };
		1970005124A73A1A00D11916 /* Base */ = {isa = PBXFileReference; lastKnownFileType = file.storyboard; name = Base; path = Base.lproj/Main.storyboard; sourceTree = "<group>"; };
		1970005324A73A1C00D11916 /* Assets.xcassets */ = {isa = PBXFileReference; lastKnownFileType = folder.assetcatalog; path = Assets.xcassets; sourceTree = "<group>"; };
		1970005624A73A1C00D11916 /* Base */ = {isa = PBXFileReference; lastKnownFileType = file.storyboard; name = Base; path = Base.lproj/LaunchScreen.storyboard; sourceTree = "<group>"; };
		1970005824A73A1C00D11916 /* Info.plist */ = {isa = PBXFileReference; lastKnownFileType = text.plist.xml; path = Info.plist; sourceTree = "<group>"; };
		1970006024A8463600D11916 /* Label.swift */ = {isa = PBXFileReference; fileEncoding = 4; lastKnownFileType = sourcecode.swift; path = Label.swift; sourceTree = "<group>"; };
		1970006224A8463600D11916 /* TextStyle.swift */ = {isa = PBXFileReference; fileEncoding = 4; lastKnownFileType = sourcecode.swift; path = TextStyle.swift; sourceTree = "<group>"; };
		1970006324A8463600D11916 /* TextColorStyle.swift */ = {isa = PBXFileReference; fileEncoding = 4; lastKnownFileType = sourcecode.swift; path = TextColorStyle.swift; sourceTree = "<group>"; };
		1970006424A8463600D11916 /* Fonts.swift */ = {isa = PBXFileReference; fileEncoding = 4; lastKnownFileType = sourcecode.swift; path = Fonts.swift; sourceTree = "<group>"; };
		1970006B24A8472800D11916 /* Units.swift */ = {isa = PBXFileReference; fileEncoding = 4; lastKnownFileType = sourcecode.swift; path = Units.swift; sourceTree = "<group>"; };
		1970006D24A8472800D11916 /* Int+.swift */ = {isa = PBXFileReference; fileEncoding = 4; lastKnownFileType = sourcecode.swift; path = "Int+.swift"; sourceTree = "<group>"; };
		1970006E24A8472800D11916 /* UIFont+.swift */ = {isa = PBXFileReference; fileEncoding = 4; lastKnownFileType = sourcecode.swift; path = "UIFont+.swift"; sourceTree = "<group>"; };
		1970006F24A8472800D11916 /* UIView+.swift */ = {isa = PBXFileReference; fileEncoding = 4; lastKnownFileType = sourcecode.swift; path = "UIView+.swift"; sourceTree = "<group>"; };
		1970007024A8472800D11916 /* String+.swift */ = {isa = PBXFileReference; fileEncoding = 4; lastKnownFileType = sourcecode.swift; path = "String+.swift"; sourceTree = "<group>"; };
		1970007124A8472800D11916 /* UILabel+.swift */ = {isa = PBXFileReference; fileEncoding = 4; lastKnownFileType = sourcecode.swift; path = "UILabel+.swift"; sourceTree = "<group>"; };
		1970007224A8472800D11916 /* UITableView+.swift */ = {isa = PBXFileReference; fileEncoding = 4; lastKnownFileType = sourcecode.swift; path = "UITableView+.swift"; sourceTree = "<group>"; };
		1970007324A8472800D11916 /* UIColor+.swift */ = {isa = PBXFileReference; fileEncoding = 4; lastKnownFileType = sourcecode.swift; path = "UIColor+.swift"; sourceTree = "<group>"; };
		1970007424A8472800D11916 /* UIScreen+.swift */ = {isa = PBXFileReference; fileEncoding = 4; lastKnownFileType = sourcecode.swift; path = "UIScreen+.swift"; sourceTree = "<group>"; };
		1970007624A8472800D11916 /* ModelParser.swift */ = {isa = PBXFileReference; fileEncoding = 4; lastKnownFileType = sourcecode.swift; path = ModelParser.swift; sourceTree = "<group>"; };
		1970007824A8472800D11916 /* Log.swift */ = {isa = PBXFileReference; fileEncoding = 4; lastKnownFileType = sourcecode.swift; path = Log.swift; sourceTree = "<group>"; };
		1970007A24A8472800D11916 /* BaseViewController.swift */ = {isa = PBXFileReference; fileEncoding = 4; lastKnownFileType = sourcecode.swift; path = BaseViewController.swift; sourceTree = "<group>"; };
		1970007B24A8472800D11916 /* RootViewController.swift */ = {isa = PBXFileReference; fileEncoding = 4; lastKnownFileType = sourcecode.swift; path = RootViewController.swift; sourceTree = "<group>"; };
		1970008924A847C700D11916 /* UIViewController+.swift */ = {isa = PBXFileReference; lastKnownFileType = sourcecode.swift; path = "UIViewController+.swift"; sourceTree = "<group>"; };
		19BFE65D24A924B4004B3FA8 /* UIImageView+.swift */ = {isa = PBXFileReference; lastKnownFileType = sourcecode.swift; path = "UIImageView+.swift"; sourceTree = "<group>"; };
		19D9154124A9BFB800DF4949 /* SearchDetailPresenter.swift */ = {isa = PBXFileReference; lastKnownFileType = sourcecode.swift; path = SearchDetailPresenter.swift; sourceTree = "<group>"; };
		19D9154224A9BFB800DF4949 /* SearchDetailWorker.swift */ = {isa = PBXFileReference; lastKnownFileType = sourcecode.swift; path = SearchDetailWorker.swift; sourceTree = "<group>"; };
		19D9154324A9BFB800DF4949 /* SearchDetailRouter.swift */ = {isa = PBXFileReference; lastKnownFileType = sourcecode.swift; path = SearchDetailRouter.swift; sourceTree = "<group>"; };
		19D9154424A9BFB800DF4949 /* SearchDetailModels.swift */ = {isa = PBXFileReference; lastKnownFileType = sourcecode.swift; path = SearchDetailModels.swift; sourceTree = "<group>"; };
		19D9154524A9BFB800DF4949 /* SearchDetailViewController.swift */ = {isa = PBXFileReference; lastKnownFileType = sourcecode.swift; path = SearchDetailViewController.swift; sourceTree = "<group>"; };
		19D9154624A9BFB800DF4949 /* SearchDetailInteractor.swift */ = {isa = PBXFileReference; lastKnownFileType = sourcecode.swift; path = SearchDetailInteractor.swift; sourceTree = "<group>"; };
		19D9154F24A9F2B100DF4949 /* BasicInfoTableViewCell.swift */ = {isa = PBXFileReference; lastKnownFileType = sourcecode.swift; path = BasicInfoTableViewCell.swift; sourceTree = "<group>"; };
		19D9155324AA079D00DF4949 /* RatingInfoTableViewCell.swift */ = {isa = PBXFileReference; lastKnownFileType = sourcecode.swift; path = RatingInfoTableViewCell.swift; sourceTree = "<group>"; };
		19D9155524AA10E200DF4949 /* NewInfoTableViewCell.swift */ = {isa = PBXFileReference; lastKnownFileType = sourcecode.swift; path = NewInfoTableViewCell.swift; sourceTree = "<group>"; };
		19D9155724AA1F3100DF4949 /* ScreenImageTableViewCell.swift */ = {isa = PBXFileReference; lastKnownFileType = sourcecode.swift; path = ScreenImageTableViewCell.swift; sourceTree = "<group>"; };
		19D9155924AA22C000DF4949 /* DescriptionTableViewCell.swift */ = {isa = PBXFileReference; lastKnownFileType = sourcecode.swift; path = DescriptionTableViewCell.swift; sourceTree = "<group>"; };
		19D9155B24AA250800DF4949 /* CompanyInfoTableViewCell.swift */ = {isa = PBXFileReference; lastKnownFileType = sourcecode.swift; path = CompanyInfoTableViewCell.swift; sourceTree = "<group>"; };
		19D9155D24AA30EF00DF4949 /* InfoTableViewCell.swift */ = {isa = PBXFileReference; lastKnownFileType = sourcecode.swift; path = InfoTableViewCell.swift; sourceTree = "<group>"; };
		19D9155F24AA333F00DF4949 /* SearchDetailSimpleCell.swift */ = {isa = PBXFileReference; lastKnownFileType = sourcecode.swift; path = SearchDetailSimpleCell.swift; sourceTree = "<group>"; };
/* End PBXFileReference section */

/* Begin PBXFrameworksBuildPhase section */
		1970004424A73A1A00D11916 /* Frameworks */ = {
			isa = PBXFrameworksBuildPhase;
			buildActionMask = 2147483647;
			files = (
				19AD413524A9116200B771AE /* Cosmos in Frameworks */,
				1970009124A8493900D11916 /* RxCocoa in Frameworks */,
				1970009724A8497900D11916 /* LoggingOSLog in Frameworks */,
				19BFE65A24A920C2004B3FA8 /* SnapKit in Frameworks */,
				1970008F24A8493900D11916 /* RxSwift in Frameworks */,
				1970009424A8496800D11916 /* Logging in Frameworks */,
				1970008D24A8493900D11916 /* RxRelay in Frameworks */,
			);
			runOnlyForDeploymentPostprocessing = 0;
		};
/* End PBXFrameworksBuildPhase section */

/* Begin PBXGroup section */
		1956EDCC24A84A4600D450B0 /* Manager */ = {
			isa = PBXGroup;
			children = (
				1956EDCD24A84AC100D450B0 /* AppManager.swift */,
				1956EDFA24A8FA9B00D450B0 /* NetworkManager.swift */,
			);
			path = Manager;
			sourceTree = "<group>";
		};
		1956EDCF24A84BB000D450B0 /* AppDelegate */ = {
			isa = PBXGroup;
			children = (
				1970004A24A73A1A00D11916 /* AppDelegate.swift */,
				1956EDD024A84BCD00D450B0 /* AppDelegate+Function.swift */,
				1970004C24A73A1A00D11916 /* SceneDelegate.swift */,
				1956EDE924A857A200D450B0 /* SceneDelegate+Function.swift */,
			);
			path = AppDelegate;
			sourceTree = "<group>";
		};
		1956EDD224A84D2400D450B0 /* NavigationController */ = {
			isa = PBXGroup;
			children = (
				1956EDD324A84EF300D450B0 /* BaseNavigationController.swift */,
			);
			path = NavigationController;
			sourceTree = "<group>";
		};
		1956EDD524A84F8B00D450B0 /* NavigationBar */ = {
			isa = PBXGroup;
			children = (
				1956EDD624A84FB800D450B0 /* BaseNavigationBar.swift */,
			);
			path = NavigationBar;
			sourceTree = "<group>";
		};
		1956EDD824A852A800D450B0 /* StoryBoard */ = {
			isa = PBXGroup;
			children = (
				1956EDD924A852BE00D450B0 /* Search.storyboard */,
			);
			path = StoryBoard;
			sourceTree = "<group>";
		};
		1956EDDB24A8549500D450B0 /* Scenes */ = {
			isa = PBXGroup;
			children = (
				19D9154024A9BFA600DF4949 /* Detail */,
				1956EDDC24A854B700D450B0 /* Main */,
			);
			path = Scenes;
			sourceTree = "<group>";
		};
		1956EDDC24A854B700D450B0 /* Main */ = {
			isa = PBXGroup;
			children = (
				1956EDDD24A854CC00D450B0 /* SearchMainPresenter.swift */,
				1956EDDE24A854CC00D450B0 /* SearchMainWorker.swift */,
				1956EDDF24A854CC00D450B0 /* SearchMainRouter.swift */,
				1956EDE024A854CC00D450B0 /* SearchMainModels.swift */,
				1956EDE124A854CC00D450B0 /* SearchMainViewController.swift */,
				1956EDE224A854CC00D450B0 /* SearchMainInteractor.swift */,
			);
			path = Main;
			sourceTree = "<group>";
		};
		1956EDEB24A85D0C00D450B0 /* View */ = {
			isa = PBXGroup;
			children = (
				1956EDF124A8E82E00D450B0 /* TableView */,
				1956EDEC24A8892800D450B0 /* TableViewCell */,
			);
			path = View;
			sourceTree = "<group>";
		};
		1956EDEC24A8892800D450B0 /* TableViewCell */ = {
			isa = PBXGroup;
			children = (
				19D9154E24A9F29800DF4949 /* Main */,
				19D9154D24A9F29300DF4949 /* Detail */,
			);
			path = TableViewCell;
			sourceTree = "<group>";
		};
		1956EDF124A8E82E00D450B0 /* TableView */ = {
			isa = PBXGroup;
			children = (
				1956EDF224A8E97400D450B0 /* ResultTableViewController.swift */,
				1956EDF324A8E97400D450B0 /* ResultTableViewController.xib */,
			);
			path = TableView;
			sourceTree = "<group>";
		};
		1956EDFC24A9003C00D450B0 /* Model */ = {
			isa = PBXGroup;
			children = (
				1956EDFD24A9004E00D450B0 /* SearchResultListModel.swift */,
				1956EDFF24A9009400D450B0 /* SearchResultModel.swift */,
			);
			path = Model;
			sourceTree = "<group>";
		};
		1970003E24A73A1A00D11916 = {
			isa = PBXGroup;
			children = (
				1970004924A73A1A00D11916 /* KakaoBank */,
				1970004824A73A1A00D11916 /* Products */,
			);
			sourceTree = "<group>";
		};
		1970004824A73A1A00D11916 /* Products */ = {
			isa = PBXGroup;
			children = (
				1970004724A73A1A00D11916 /* KakaoBank.app */,
			);
			name = Products;
			sourceTree = "<group>";
		};
		1970004924A73A1A00D11916 /* KakaoBank */ = {
			isa = PBXGroup;
			children = (
				1956EDFC24A9003C00D450B0 /* Model */,
				1956EDEB24A85D0C00D450B0 /* View */,
				1956EDDB24A8549500D450B0 /* Scenes */,
				1956EDD824A852A800D450B0 /* StoryBoard */,
				1956EDCF24A84BB000D450B0 /* AppDelegate */,
				1956EDCC24A84A4600D450B0 /* Manager */,
				1970006924A8472800D11916 /* Utilities */,
				1970005E24A8460000D11916 /* Common */,
				1970004E24A73A1A00D11916 /* ViewController.swift */,
				1970005024A73A1A00D11916 /* Main.storyboard */,
				1970005324A73A1C00D11916 /* Assets.xcassets */,
				1970005524A73A1C00D11916 /* LaunchScreen.storyboard */,
				1970005824A73A1C00D11916 /* Info.plist */,
			);
			path = KakaoBank;
			sourceTree = "<group>";
		};
		1970005E24A8460000D11916 /* Common */ = {
			isa = PBXGroup;
			children = (
				1970005F24A8463600D11916 /* Label */,
			);
			path = Common;
			sourceTree = "<group>";
		};
		1970005F24A8463600D11916 /* Label */ = {
			isa = PBXGroup;
			children = (
				1970006024A8463600D11916 /* Label.swift */,
				1970006124A8463600D11916 /* Style */,
			);
			path = Label;
			sourceTree = "<group>";
		};
		1970006124A8463600D11916 /* Style */ = {
			isa = PBXGroup;
			children = (
				1970006224A8463600D11916 /* TextStyle.swift */,
				1970006324A8463600D11916 /* TextColorStyle.swift */,
				1970006424A8463600D11916 /* Fonts.swift */,
			);
			path = Style;
			sourceTree = "<group>";
		};
		1970006924A8472800D11916 /* Utilities */ = {
			isa = PBXGroup;
			children = (
				1956EDD224A84D2400D450B0 /* NavigationController */,
				1956EDD524A84F8B00D450B0 /* NavigationBar */,
				1970007924A8472800D11916 /* ViewController */,
				1970006A24A8472800D11916 /* Unit */,
				1970006C24A8472800D11916 /* Extension */,
				1970007524A8472800D11916 /* Parser */,
				1970007724A8472800D11916 /* Log */,
			);
			path = Utilities;
			sourceTree = "<group>";
		};
		1970006A24A8472800D11916 /* Unit */ = {
			isa = PBXGroup;
			children = (
				1970006B24A8472800D11916 /* Units.swift */,
			);
			path = Unit;
			sourceTree = "<group>";
		};
		1970006C24A8472800D11916 /* Extension */ = {
			isa = PBXGroup;
			children = (
				1970006D24A8472800D11916 /* Int+.swift */,
				1970006E24A8472800D11916 /* UIFont+.swift */,
				1970006F24A8472800D11916 /* UIView+.swift */,
				1970007024A8472800D11916 /* String+.swift */,
				1970007124A8472800D11916 /* UILabel+.swift */,
				1970007224A8472800D11916 /* UITableView+.swift */,
				1970007324A8472800D11916 /* UIColor+.swift */,
				1970007424A8472800D11916 /* UIScreen+.swift */,
				1970008924A847C700D11916 /* UIViewController+.swift */,
				19BFE65D24A924B4004B3FA8 /* UIImageView+.swift */,
			);
			path = Extension;
			sourceTree = "<group>";
		};
		1970007524A8472800D11916 /* Parser */ = {
			isa = PBXGroup;
			children = (
				1970007624A8472800D11916 /* ModelParser.swift */,
			);
			path = Parser;
			sourceTree = "<group>";
		};
		1970007724A8472800D11916 /* Log */ = {
			isa = PBXGroup;
			children = (
				1970007824A8472800D11916 /* Log.swift */,
			);
			path = Log;
			sourceTree = "<group>";
		};
		1970007924A8472800D11916 /* ViewController */ = {
			isa = PBXGroup;
			children = (
				1970007A24A8472800D11916 /* BaseViewController.swift */,
				1970007B24A8472800D11916 /* RootViewController.swift */,
			);
			path = ViewController;
			sourceTree = "<group>";
		};
		19D9154024A9BFA600DF4949 /* Detail */ = {
			isa = PBXGroup;
			children = (
				19D9154124A9BFB800DF4949 /* SearchDetailPresenter.swift */,
				19D9154224A9BFB800DF4949 /* SearchDetailWorker.swift */,
				19D9154324A9BFB800DF4949 /* SearchDetailRouter.swift */,
				19D9154424A9BFB800DF4949 /* SearchDetailModels.swift */,
				19D9154524A9BFB800DF4949 /* SearchDetailViewController.swift */,
				19D9154624A9BFB800DF4949 /* SearchDetailInteractor.swift */,
			);
			path = Detail;
			sourceTree = "<group>";
		};
		19D9154D24A9F29300DF4949 /* Detail */ = {
			isa = PBXGroup;
			children = (
				19D9154F24A9F2B100DF4949 /* BasicInfoTableViewCell.swift */,
				19D9155324AA079D00DF4949 /* RatingInfoTableViewCell.swift */,
				19D9155524AA10E200DF4949 /* NewInfoTableViewCell.swift */,
				19D9155724AA1F3100DF4949 /* ScreenImageTableViewCell.swift */,
				19D9155924AA22C000DF4949 /* DescriptionTableViewCell.swift */,
				19D9155B24AA250800DF4949 /* CompanyInfoTableViewCell.swift */,
				19D9155D24AA30EF00DF4949 /* InfoTableViewCell.swift */,
				19D9155F24AA333F00DF4949 /* SearchDetailSimpleCell.swift */,
			);
			path = Detail;
			sourceTree = "<group>";
		};
		19D9154E24A9F29800DF4949 /* Main */ = {
			isa = PBXGroup;
			children = (
				1956EDED24A8898700D450B0 /* RecentWordTableViewCell.swift */,
				1956EDEE24A8898700D450B0 /* RecentWordTableViewCell.xib */,
				1956EDF624A8F12E00D450B0 /* FilterWordTableViewCell.swift */,
				1956EDF724A8F12E00D450B0 /* FilterWordTableViewCell.xib */,
				1956EE0124A9099400D450B0 /* SearchResultTableViewCell.swift */,
			);
			path = Main;
			sourceTree = "<group>";
		};
/* End PBXGroup section */

/* Begin PBXNativeTarget section */
		1970004624A73A1A00D11916 /* KakaoBank */ = {
			isa = PBXNativeTarget;
			buildConfigurationList = 1970005B24A73A1C00D11916 /* Build configuration list for PBXNativeTarget "KakaoBank" */;
			buildPhases = (
				1970004324A73A1A00D11916 /* Sources */,
				1970004424A73A1A00D11916 /* Frameworks */,
				1970004524A73A1A00D11916 /* Resources */,
			);
			buildRules = (
			);
			dependencies = (
			);
			name = KakaoBank;
			packageProductDependencies = (
				1970008C24A8493900D11916 /* RxRelay */,
				1970008E24A8493900D11916 /* RxSwift */,
				1970009024A8493900D11916 /* RxCocoa */,
				1970009324A8496800D11916 /* Logging */,
				1970009624A8497900D11916 /* LoggingOSLog */,
				19AD413424A9116200B771AE /* Cosmos */,
				19BFE65924A920C2004B3FA8 /* SnapKit */,
			);
			productName = KakaoBank;
			productReference = 1970004724A73A1A00D11916 /* KakaoBank.app */;
			productType = "com.apple.product-type.application";
		};
/* End PBXNativeTarget section */

/* Begin PBXProject section */
		1970003F24A73A1A00D11916 /* Project object */ = {
			isa = PBXProject;
			attributes = {
				LastSwiftUpdateCheck = 1140;
				LastUpgradeCheck = 1140;
				ORGANIZATIONNAME = "Yong Seok Kim";
				TargetAttributes = {
					1970004624A73A1A00D11916 = {
						CreatedOnToolsVersion = 11.4.1;
					};
				};
			};
			buildConfigurationList = 1970004224A73A1A00D11916 /* Build configuration list for PBXProject "KakaoBank" */;
			compatibilityVersion = "Xcode 9.3";
			developmentRegion = en;
			hasScannedForEncodings = 0;
			knownRegions = (
				en,
				Base,
			);
			mainGroup = 1970003E24A73A1A00D11916;
			packageReferences = (
				1970008B24A8493900D11916 /* XCRemoteSwiftPackageReference "RxSwift" */,
				1970009224A8496800D11916 /* XCRemoteSwiftPackageReference "swift-log" */,
				1970009524A8497900D11916 /* XCRemoteSwiftPackageReference "swift-log-oslog" */,
				19AD413324A9116200B771AE /* XCRemoteSwiftPackageReference "Cosmos" */,
				19BFE65824A920C2004B3FA8 /* XCRemoteSwiftPackageReference "SnapKit" */,
			);
			productRefGroup = 1970004824A73A1A00D11916 /* Products */;
			projectDirPath = "";
			projectRoot = "";
			targets = (
				1970004624A73A1A00D11916 /* KakaoBank */,
			);
		};
/* End PBXProject section */

/* Begin PBXResourcesBuildPhase section */
		1970004524A73A1A00D11916 /* Resources */ = {
			isa = PBXResourcesBuildPhase;
			buildActionMask = 2147483647;
			files = (
				1956EDF524A8E97400D450B0 /* ResultTableViewController.xib in Resources */,
				1970005724A73A1C00D11916 /* LaunchScreen.storyboard in Resources */,
				1970005424A73A1C00D11916 /* Assets.xcassets in Resources */,
				1956EDDA24A852BE00D450B0 /* Search.storyboard in Resources */,
				1970005224A73A1A00D11916 /* Main.storyboard in Resources */,
				1956EDF024A8898700D450B0 /* RecentWordTableViewCell.xib in Resources */,
				1956EDF924A8F12E00D450B0 /* FilterWordTableViewCell.xib in Resources */,
			);
			runOnlyForDeploymentPostprocessing = 0;
		};
/* End PBXResourcesBuildPhase section */

/* Begin PBXSourcesBuildPhase section */
		1970004324A73A1A00D11916 /* Sources */ = {
			isa = PBXSourcesBuildPhase;
			buildActionMask = 2147483647;
			files = (
				19D9155E24AA30EF00DF4949 /* InfoTableViewCell.swift in Sources */,
				1956EDFB24A8FA9B00D450B0 /* NetworkManager.swift in Sources */,
				1970006824A8463600D11916 /* Fonts.swift in Sources */,
				1970007C24A8472800D11916 /* Units.swift in Sources */,
				19D9155C24AA250800DF4949 /* CompanyInfoTableViewCell.swift in Sources */,
				1970008624A8472900D11916 /* Log.swift in Sources */,
				1970007E24A8472900D11916 /* UIFont+.swift in Sources */,
				1970008724A8472900D11916 /* BaseViewController.swift in Sources */,
				1970008524A8472900D11916 /* ModelParser.swift in Sources */,
				1956EDD124A84BCD00D450B0 /* AppDelegate+Function.swift in Sources */,
				19D9154A24A9BFB800DF4949 /* SearchDetailModels.swift in Sources */,
				1970008424A8472900D11916 /* UIScreen+.swift in Sources */,
				1956EDD424A84EF300D450B0 /* BaseNavigationController.swift in Sources */,
				1956EDE624A854CC00D450B0 /* SearchMainModels.swift in Sources */,
				19D9155424AA079D00DF4949 /* RatingInfoTableViewCell.swift in Sources */,
				1956EE0324A9099400D450B0 /* SearchResultTableViewCell.swift in Sources */,
				19D9154C24A9BFB800DF4949 /* SearchDetailInteractor.swift in Sources */,
				1956EDCE24A84AC100D450B0 /* AppManager.swift in Sources */,
				1956EDE824A854CC00D450B0 /* SearchMainInteractor.swift in Sources */,
				1970008224A8472900D11916 /* UITableView+.swift in Sources */,
				1970008124A8472900D11916 /* UILabel+.swift in Sources */,
				19D9155A24AA22C000DF4949 /* DescriptionTableViewCell.swift in Sources */,
				1956EDF424A8E97400D450B0 /* ResultTableViewController.swift in Sources */,
				1970006624A8463600D11916 /* TextStyle.swift in Sources */,
				1970008824A8472900D11916 /* RootViewController.swift in Sources */,
				19D9154B24A9BFB800DF4949 /* SearchDetailViewController.swift in Sources */,
				19D9155824AA1F3100DF4949 /* ScreenImageTableViewCell.swift in Sources */,
				1956EDFE24A9004E00D450B0 /* SearchResultListModel.swift in Sources */,
				1956EDEF24A8898700D450B0 /* RecentWordTableViewCell.swift in Sources */,
				19D9155124A9F2B100DF4949 /* BasicInfoTableViewCell.swift in Sources */,
				1970004F24A73A1A00D11916 /* ViewController.swift in Sources */,
				1956EDEA24A857A200D450B0 /* SceneDelegate+Function.swift in Sources */,
				1970004B24A73A1A00D11916 /* AppDelegate.swift in Sources */,
				1956EDE724A854CC00D450B0 /* SearchMainViewController.swift in Sources */,
				1970007D24A8472900D11916 /* Int+.swift in Sources */,
				19BFE65E24A924B4004B3FA8 /* UIImageView+.swift in Sources */,
				19D9154724A9BFB800DF4949 /* SearchDetailPresenter.swift in Sources */,
				1956EDE524A854CC00D450B0 /* SearchMainRouter.swift in Sources */,
				1970008A24A847C700D11916 /* UIViewController+.swift in Sources */,
				1970006524A8463600D11916 /* Label.swift in Sources */,
				1970007F24A8472900D11916 /* UIView+.swift in Sources */,
				19D9154824A9BFB800DF4949 /* SearchDetailWorker.swift in Sources */,
				1956EDF824A8F12E00D450B0 /* FilterWordTableViewCell.swift in Sources */,
				1970006724A8463600D11916 /* TextColorStyle.swift in Sources */,
				1956EDE324A854CC00D450B0 /* SearchMainPresenter.swift in Sources */,
				1956EDE424A854CC00D450B0 /* SearchMainWorker.swift in Sources */,
				19D9156024AA333F00DF4949 /* SearchDetailSimpleCell.swift in Sources */,
				19D9154924A9BFB800DF4949 /* SearchDetailRouter.swift in Sources */,
				19D9155624AA10E200DF4949 /* NewInfoTableViewCell.swift in Sources */,
				1970008024A8472900D11916 /* String+.swift in Sources */,
				1956EE0024A9009400D450B0 /* SearchResultModel.swift in Sources */,
				1970004D24A73A1A00D11916 /* SceneDelegate.swift in Sources */,
				1956EDD724A84FB800D450B0 /* BaseNavigationBar.swift in Sources */,
				1970008324A8472900D11916 /* UIColor+.swift in Sources */,
			);
			runOnlyForDeploymentPostprocessing = 0;
		};
/* End PBXSourcesBuildPhase section */

/* Begin PBXVariantGroup section */
		1970005024A73A1A00D11916 /* Main.storyboard */ = {
			isa = PBXVariantGroup;
			children = (
				1970005124A73A1A00D11916 /* Base */,
			);
			name = Main.storyboard;
			sourceTree = "<group>";
		};
		1970005524A73A1C00D11916 /* LaunchScreen.storyboard */ = {
			isa = PBXVariantGroup;
			children = (
				1970005624A73A1C00D11916 /* Base */,
			);
			name = LaunchScreen.storyboard;
			sourceTree = "<group>";
		};
/* End PBXVariantGroup section */

/* Begin XCBuildConfiguration section */
		1970005924A73A1C00D11916 /* Debug */ = {
			isa = XCBuildConfiguration;
			buildSettings = {
				ALWAYS_SEARCH_USER_PATHS = NO;
				CLANG_ANALYZER_NONNULL = YES;
				CLANG_ANALYZER_NUMBER_OBJECT_CONVERSION = YES_AGGRESSIVE;
				CLANG_CXX_LANGUAGE_STANDARD = "gnu++14";
				CLANG_CXX_LIBRARY = "libc++";
				CLANG_ENABLE_MODULES = YES;
				CLANG_ENABLE_OBJC_ARC = YES;
				CLANG_ENABLE_OBJC_WEAK = YES;
				CLANG_WARN_BLOCK_CAPTURE_AUTORELEASING = YES;
				CLANG_WARN_BOOL_CONVERSION = YES;
				CLANG_WARN_COMMA = YES;
				CLANG_WARN_CONSTANT_CONVERSION = YES;
				CLANG_WARN_DEPRECATED_OBJC_IMPLEMENTATIONS = YES;
				CLANG_WARN_DIRECT_OBJC_ISA_USAGE = YES_ERROR;
				CLANG_WARN_DOCUMENTATION_COMMENTS = YES;
				CLANG_WARN_EMPTY_BODY = YES;
				CLANG_WARN_ENUM_CONVERSION = YES;
				CLANG_WARN_INFINITE_RECURSION = YES;
				CLANG_WARN_INT_CONVERSION = YES;
				CLANG_WARN_NON_LITERAL_NULL_CONVERSION = YES;
				CLANG_WARN_OBJC_IMPLICIT_RETAIN_SELF = YES;
				CLANG_WARN_OBJC_LITERAL_CONVERSION = YES;
				CLANG_WARN_OBJC_ROOT_CLASS = YES_ERROR;
				CLANG_WARN_RANGE_LOOP_ANALYSIS = YES;
				CLANG_WARN_STRICT_PROTOTYPES = YES;
				CLANG_WARN_SUSPICIOUS_MOVE = YES;
				CLANG_WARN_UNGUARDED_AVAILABILITY = YES_AGGRESSIVE;
				CLANG_WARN_UNREACHABLE_CODE = YES;
				CLANG_WARN__DUPLICATE_METHOD_MATCH = YES;
				COPY_PHASE_STRIP = NO;
				DEBUG_INFORMATION_FORMAT = dwarf;
				ENABLE_STRICT_OBJC_MSGSEND = YES;
				ENABLE_TESTABILITY = YES;
				GCC_C_LANGUAGE_STANDARD = gnu11;
				GCC_DYNAMIC_NO_PIC = NO;
				GCC_NO_COMMON_BLOCKS = YES;
				GCC_OPTIMIZATION_LEVEL = 0;
				GCC_PREPROCESSOR_DEFINITIONS = (
					"DEBUG=1",
					"$(inherited)",
				);
				GCC_WARN_64_TO_32_BIT_CONVERSION = YES;
				GCC_WARN_ABOUT_RETURN_TYPE = YES_ERROR;
				GCC_WARN_UNDECLARED_SELECTOR = YES;
				GCC_WARN_UNINITIALIZED_AUTOS = YES_AGGRESSIVE;
				GCC_WARN_UNUSED_FUNCTION = YES;
				GCC_WARN_UNUSED_VARIABLE = YES;
				IPHONEOS_DEPLOYMENT_TARGET = 12.0;
				MTL_ENABLE_DEBUG_INFO = INCLUDE_SOURCE;
				MTL_FAST_MATH = YES;
				ONLY_ACTIVE_ARCH = YES;
				SDKROOT = iphoneos;
				SWIFT_ACTIVE_COMPILATION_CONDITIONS = DEBUG;
				SWIFT_OPTIMIZATION_LEVEL = "-Onone";
			};
			name = Debug;
		};
		1970005A24A73A1C00D11916 /* Release */ = {
			isa = XCBuildConfiguration;
			buildSettings = {
				ALWAYS_SEARCH_USER_PATHS = NO;
				CLANG_ANALYZER_NONNULL = YES;
				CLANG_ANALYZER_NUMBER_OBJECT_CONVERSION = YES_AGGRESSIVE;
				CLANG_CXX_LANGUAGE_STANDARD = "gnu++14";
				CLANG_CXX_LIBRARY = "libc++";
				CLANG_ENABLE_MODULES = YES;
				CLANG_ENABLE_OBJC_ARC = YES;
				CLANG_ENABLE_OBJC_WEAK = YES;
				CLANG_WARN_BLOCK_CAPTURE_AUTORELEASING = YES;
				CLANG_WARN_BOOL_CONVERSION = YES;
				CLANG_WARN_COMMA = YES;
				CLANG_WARN_CONSTANT_CONVERSION = YES;
				CLANG_WARN_DEPRECATED_OBJC_IMPLEMENTATIONS = YES;
				CLANG_WARN_DIRECT_OBJC_ISA_USAGE = YES_ERROR;
				CLANG_WARN_DOCUMENTATION_COMMENTS = YES;
				CLANG_WARN_EMPTY_BODY = YES;
				CLANG_WARN_ENUM_CONVERSION = YES;
				CLANG_WARN_INFINITE_RECURSION = YES;
				CLANG_WARN_INT_CONVERSION = YES;
				CLANG_WARN_NON_LITERAL_NULL_CONVERSION = YES;
				CLANG_WARN_OBJC_IMPLICIT_RETAIN_SELF = YES;
				CLANG_WARN_OBJC_LITERAL_CONVERSION = YES;
				CLANG_WARN_OBJC_ROOT_CLASS = YES_ERROR;
				CLANG_WARN_RANGE_LOOP_ANALYSIS = YES;
				CLANG_WARN_STRICT_PROTOTYPES = YES;
				CLANG_WARN_SUSPICIOUS_MOVE = YES;
				CLANG_WARN_UNGUARDED_AVAILABILITY = YES_AGGRESSIVE;
				CLANG_WARN_UNREACHABLE_CODE = YES;
				CLANG_WARN__DUPLICATE_METHOD_MATCH = YES;
				COPY_PHASE_STRIP = NO;
				DEBUG_INFORMATION_FORMAT = "dwarf-with-dsym";
				ENABLE_NS_ASSERTIONS = NO;
				ENABLE_STRICT_OBJC_MSGSEND = YES;
				GCC_C_LANGUAGE_STANDARD = gnu11;
				GCC_NO_COMMON_BLOCKS = YES;
				GCC_WARN_64_TO_32_BIT_CONVERSION = YES;
				GCC_WARN_ABOUT_RETURN_TYPE = YES_ERROR;
				GCC_WARN_UNDECLARED_SELECTOR = YES;
				GCC_WARN_UNINITIALIZED_AUTOS = YES_AGGRESSIVE;
				GCC_WARN_UNUSED_FUNCTION = YES;
				GCC_WARN_UNUSED_VARIABLE = YES;
				IPHONEOS_DEPLOYMENT_TARGET = 12.0;
				MTL_ENABLE_DEBUG_INFO = NO;
				MTL_FAST_MATH = YES;
				SDKROOT = iphoneos;
				SWIFT_COMPILATION_MODE = wholemodule;
				SWIFT_OPTIMIZATION_LEVEL = "-O";
				VALIDATE_PRODUCT = YES;
			};
			name = Release;
		};
		1970005C24A73A1C00D11916 /* Debug */ = {
			isa = XCBuildConfiguration;
			buildSettings = {
				ASSETCATALOG_COMPILER_APPICON_NAME = AppIcon;
				CODE_SIGN_STYLE = Automatic;
				INFOPLIST_FILE = KakaoBank/Info.plist;
				LD_RUNPATH_SEARCH_PATHS = (
					"$(inherited)",
					"@executable_path/Frameworks",
				);
				PRODUCT_BUNDLE_IDENTIFIER = com.kakaobank.KakaoBank;
				PRODUCT_NAME = "$(TARGET_NAME)";
				SWIFT_VERSION = 5.0;
				TARGETED_DEVICE_FAMILY = 1;
			};
			name = Debug;
		};
		1970005D24A73A1C00D11916 /* Release */ = {
			isa = XCBuildConfiguration;
			buildSettings = {
				ASSETCATALOG_COMPILER_APPICON_NAME = AppIcon;
				CODE_SIGN_STYLE = Automatic;
				INFOPLIST_FILE = KakaoBank/Info.plist;
				LD_RUNPATH_SEARCH_PATHS = (
					"$(inherited)",
					"@executable_path/Frameworks",
				);
				PRODUCT_BUNDLE_IDENTIFIER = com.kakaobank.KakaoBank;
				PRODUCT_NAME = "$(TARGET_NAME)";
				SWIFT_VERSION = 5.0;
				TARGETED_DEVICE_FAMILY = 1;
			};
			name = Release;
		};
/* End XCBuildConfiguration section */

/* Begin XCConfigurationList section */
		1970004224A73A1A00D11916 /* Build configuration list for PBXProject "KakaoBank" */ = {
			isa = XCConfigurationList;
			buildConfigurations = (
				1970005924A73A1C00D11916 /* Debug */,
				1970005A24A73A1C00D11916 /* Release */,
			);
			defaultConfigurationIsVisible = 0;
			defaultConfigurationName = Release;
		};
		1970005B24A73A1C00D11916 /* Build configuration list for PBXNativeTarget "KakaoBank" */ = {
			isa = XCConfigurationList;
			buildConfigurations = (
				1970005C24A73A1C00D11916 /* Debug */,
				1970005D24A73A1C00D11916 /* Release */,
			);
			defaultConfigurationIsVisible = 0;
			defaultConfigurationName = Release;
		};
/* End XCConfigurationList section */

/* Begin XCRemoteSwiftPackageReference section */
		1970008B24A8493900D11916 /* XCRemoteSwiftPackageReference "RxSwift" */ = {
			isa = XCRemoteSwiftPackageReference;
			repositoryURL = "https://github.com/ReactiveX/RxSwift.git";
			requirement = {
				kind = upToNextMajorVersion;
				minimumVersion = 5.1.1;
			};
		};
		1970009224A8496800D11916 /* XCRemoteSwiftPackageReference "swift-log" */ = {
			isa = XCRemoteSwiftPackageReference;
			repositoryURL = "https://github.com/apple/swift-log/";
			requirement = {
				kind = upToNextMajorVersion;
				minimumVersion = 1.2.0;
			};
		};
		1970009524A8497900D11916 /* XCRemoteSwiftPackageReference "swift-log-oslog" */ = {
			isa = XCRemoteSwiftPackageReference;
			repositoryURL = "https://github.com/chrisaljoudi/swift-log-oslog";
			requirement = {
				kind = upToNextMajorVersion;
				minimumVersion = 0.2.1;
			};
		};
		19AD413324A9116200B771AE /* XCRemoteSwiftPackageReference "Cosmos" */ = {
			isa = XCRemoteSwiftPackageReference;
			repositoryURL = "https://github.com/evgenyneu/Cosmos.git";
			requirement = {
				kind = upToNextMajorVersion;
				minimumVersion = 22.1.0;
			};
		};
		19BFE65824A920C2004B3FA8 /* XCRemoteSwiftPackageReference "SnapKit" */ = {
			isa = XCRemoteSwiftPackageReference;
			repositoryURL = "https://github.com/SnapKit/SnapKit.git";
			requirement = {
				kind = upToNextMajorVersion;
				minimumVersion = 5.0.1;
			};
		};
/* End XCRemoteSwiftPackageReference section */

/* Begin XCSwiftPackageProductDependency section */
		1970008C24A8493900D11916 /* RxRelay */ = {
			isa = XCSwiftPackageProductDependency;
			package = 1970008B24A8493900D11916 /* XCRemoteSwiftPackageReference "RxSwift" */;
			productName = RxRelay;
		};
		1970008E24A8493900D11916 /* RxSwift */ = {
			isa = XCSwiftPackageProductDependency;
			package = 1970008B24A8493900D11916 /* XCRemoteSwiftPackageReference "RxSwift" */;
			productName = RxSwift;
		};
		1970009024A8493900D11916 /* RxCocoa */ = {
			isa = XCSwiftPackageProductDependency;
			package = 1970008B24A8493900D11916 /* XCRemoteSwiftPackageReference "RxSwift" */;
			productName = RxCocoa;
		};
		1970009324A8496800D11916 /* Logging */ = {
			isa = XCSwiftPackageProductDependency;
			package = 1970009224A8496800D11916 /* XCRemoteSwiftPackageReference "swift-log" */;
			productName = Logging;
		};
		1970009624A8497900D11916 /* LoggingOSLog */ = {
			isa = XCSwiftPackageProductDependency;
			package = 1970009524A8497900D11916 /* XCRemoteSwiftPackageReference "swift-log-oslog" */;
			productName = LoggingOSLog;
		};
		19AD413424A9116200B771AE /* Cosmos */ = {
			isa = XCSwiftPackageProductDependency;
			package = 19AD413324A9116200B771AE /* XCRemoteSwiftPackageReference "Cosmos" */;
			productName = Cosmos;
		};
		19BFE65924A920C2004B3FA8 /* SnapKit */ = {
			isa = XCSwiftPackageProductDependency;
			package = 19BFE65824A920C2004B3FA8 /* XCRemoteSwiftPackageReference "SnapKit" */;
			productName = SnapKit;
		};
/* End XCSwiftPackageProductDependency section */
	};
	rootObject = 1970003F24A73A1A00D11916 /* Project object */;
}
